
Microsoft Visual Studio Solution File, Format Version 12.00
# Visual Studio Version 17
VisualStudioVersion = 17.1.32210.238
MinimumVisualStudioVersion = 10.0.40219.1
Project("{FAE04EC0-301F-11D3-BF4B-00C04F79EFBC}") = "EszkozNyilvantartoApi", "EszkozNyilvantartoApi\EszkozNyilvantartoApi.csproj", "{B44CBC4F-2D9D-4B86-925C-0FFE9D1AEF46}"
EndProject
Project("{FAE04EC0-301F-11D3-BF4B-00C04F79EFBC}") = "TestProject1", "TestProject1\TestProject1.csproj", "{2775E693-FD05-472F-B29B-33BCDC19E672}"
EndProject
Global
	GlobalSection(SolutionConfigurationPlatforms) = preSolution
		Debug|Any CPU = Debug|Any CPU
		Release|Any CPU = Release|Any CPU
	EndGlobalSection
	GlobalSection(ProjectConfigurationPlatforms) = postSolution
		{B44CBC4F-2D9D-4B86-925C-0FFE9D1AEF46}.Debug|Any CPU.ActiveCfg = Debug|Any CPU
		{B44CBC4F-2D9D-4B86-925C-0FFE9D1AEF46}.Debug|Any CPU.Build.0 = Debug|Any CPU
		{B44CBC4F-2D9D-4B86-925C-0FFE9D1AEF46}.Release|Any CPU.ActiveCfg = Release|Any CPU
		{B44CBC4F-2D9D-4B86-925C-0FFE9D1AEF46}.Release|Any CPU.Build.0 = Release|Any CPU
		{2775E693-FD05-472F-B29B-33BCDC19E672}.Debug|Any CPU.ActiveCfg = Debug|Any CPU
		{2775E693-FD05-472F-B29B-33BCDC19E672}.Debug|Any CPU.Build.0 = Debug|Any CPU
		{2775E693-FD05-472F-B29B-33BCDC19E672}.Release|Any CPU.ActiveCfg = Release|Any CPU
		{2775E693-FD05-472F-B29B-33BCDC19E672}.Release|Any CPU.Build.0 = Release|Any CPU
	EndGlobalSection
	GlobalSection(SolutionProperties) = preSolution
		HideSolutionNode = FALSE
	EndGlobalSection
	GlobalSection(ExtensibilityGlobals) = postSolution
		SolutionGuid = {9F3EB3B2-412D-4356-AF08-592BF0BA781D}
	EndGlobalSection
EndGlobal
