
Microsoft Visual Studio Solution File, Format Version 12.00
# Visual Studio Version 17
VisualStudioVersion = 17.1.32210.238
MinimumVisualStudioVersion = 10.0.40219.1
Project("{FAE04EC0-301F-11D3-BF4B-00C04F79EFBC}") = "VaskoGyakorlas", "VaskoGyakorlas\VaskoGyakorlas.csproj", "{FC56F1BC-7630-4001-ABA1-7C09011B3BAE}"
EndProject
Global
	GlobalSection(SolutionConfigurationPlatforms) = preSolution
		Debug|Any CPU = Debug|Any CPU
		Release|Any CPU = Release|Any CPU
	EndGlobalSection
	GlobalSection(ProjectConfigurationPlatforms) = postSolution
		{FC56F1BC-7630-4001-ABA1-7C09011B3BAE}.Debug|Any CPU.ActiveCfg = Debug|Any CPU
		{FC56F1BC-7630-4001-ABA1-7C09011B3BAE}.Debug|Any CPU.Build.0 = Debug|Any CPU
		{FC56F1BC-7630-4001-ABA1-7C09011B3BAE}.Release|Any CPU.ActiveCfg = Release|Any CPU
		{FC56F1BC-7630-4001-ABA1-7C09011B3BAE}.Release|Any CPU.Build.0 = Release|Any CPU
	EndGlobalSection
	GlobalSection(SolutionProperties) = preSolution
		HideSolutionNode = FALSE
	EndGlobalSection
	GlobalSection(ExtensibilityGlobals) = postSolution
		SolutionGuid = {37613B19-DDC9-4676-8019-E5233178E276}
	EndGlobalSection
EndGlobal
